
Microsoft Visual Studio Solution File, Format Version 10.00
# Visual Studio 2008
Project("{54435603-DBB4-11D2-8724-00A0C9A8B90C}") = "SetupFripapas", "SetupFripapas\SetupFripapas.vdproj", "{635AF96D-F7FE-4F33-B1D7-0A05643F3759}"
EndProject
Global
	GlobalSection(SolutionConfigurationPlatforms) = preSolution
		Debug|Default = Debug|Default
		Release|Default = Release|Default
	EndGlobalSection
	GlobalSection(ProjectConfigurationPlatforms) = postSolution
		{635AF96D-F7FE-4F33-B1D7-0A05643F3759}.Debug|Default.ActiveCfg = Debug
		{635AF96D-F7FE-4F33-B1D7-0A05643F3759}.Debug|Default.Build.0 = Debug
		{635AF96D-F7FE-4F33-B1D7-0A05643F3759}.Release|Default.ActiveCfg = Release
		{635AF96D-F7FE-4F33-B1D7-0A05643F3759}.Release|Default.Build.0 = Release
	EndGlobalSection
	GlobalSection(SolutionProperties) = preSolution
		HideSolutionNode = FALSE
	EndGlobalSection
EndGlobal
